
Microsoft Visual Studio Solution File, Format Version 12.00
# Visual Studio Version 17
VisualStudioVersion = 17.5.33516.290
MinimumVisualStudioVersion = 10.0.40219.1
Project("{8BC9CEB8-8B4A-11D0-8D11-00A0C91BC942}") = "FirstHomework", "Homework\Homework.vcxproj", "{9AA22720-44DF-4C34-A3F8-5D8BED1A1D67}"
EndProject
Project("{8BC9CEB8-8B4A-11D0-8D11-00A0C91BC942}") = "SecondHomework", "SecondHomework\SecondHomework.vcxproj", "{11CA8C8E-AB16-46D5-A252-AC1096C50805}"
EndProject
Project("{8BC9CEB8-8B4A-11D0-8D11-00A0C91BC942}") = "ThirdHomework", "ThirdHomework\ThirdHomework.vcxproj", "{5597EE8B-AAAB-4353-A1AC-84D6F7AA4994}"
EndProject
Global
	GlobalSection(SolutionConfigurationPlatforms) = preSolution
		Debug|x64 = Debug|x64
		Debug|x86 = Debug|x86
		Release|x64 = Release|x64
		Release|x86 = Release|x86
	EndGlobalSection
	GlobalSection(ProjectConfigurationPlatforms) = postSolution
		{9AA22720-44DF-4C34-A3F8-5D8BED1A1D67}.Debug|x64.ActiveCfg = Debug|x64
		{9AA22720-44DF-4C34-A3F8-5D8BED1A1D67}.Debug|x64.Build.0 = Debug|x64
		{9AA22720-44DF-4C34-A3F8-5D8BED1A1D67}.Debug|x86.ActiveCfg = Debug|Win32
		{9AA22720-44DF-4C34-A3F8-5D8BED1A1D67}.Debug|x86.Build.0 = Debug|Win32
		{9AA22720-44DF-4C34-A3F8-5D8BED1A1D67}.Release|x64.ActiveCfg = Release|x64
		{9AA22720-44DF-4C34-A3F8-5D8BED1A1D67}.Release|x64.Build.0 = Release|x64
		{9AA22720-44DF-4C34-A3F8-5D8BED1A1D67}.Release|x86.ActiveCfg = Release|Win32
		{9AA22720-44DF-4C34-A3F8-5D8BED1A1D67}.Release|x86.Build.0 = Release|Win32
		{11CA8C8E-AB16-46D5-A252-AC1096C50805}.Debug|x64.ActiveCfg = Debug|x64
		{11CA8C8E-AB16-46D5-A252-AC1096C50805}.Debug|x64.Build.0 = Debug|x64
		{11CA8C8E-AB16-46D5-A252-AC1096C50805}.Debug|x86.ActiveCfg = Debug|Win32
		{11CA8C8E-AB16-46D5-A252-AC1096C50805}.Debug|x86.Build.0 = Debug|Win32
		{11CA8C8E-AB16-46D5-A252-AC1096C50805}.Release|x64.ActiveCfg = Release|x64
		{11CA8C8E-AB16-46D5-A252-AC1096C50805}.Release|x64.Build.0 = Release|x64
		{11CA8C8E-AB16-46D5-A252-AC1096C50805}.Release|x86.ActiveCfg = Release|Win32
		{11CA8C8E-AB16-46D5-A252-AC1096C50805}.Release|x86.Build.0 = Release|Win32
		{5597EE8B-AAAB-4353-A1AC-84D6F7AA4994}.Debug|x64.ActiveCfg = Debug|x64
		{5597EE8B-AAAB-4353-A1AC-84D6F7AA4994}.Debug|x64.Build.0 = Debug|x64
		{5597EE8B-AAAB-4353-A1AC-84D6F7AA4994}.Debug|x86.ActiveCfg = Debug|Win32
		{5597EE8B-AAAB-4353-A1AC-84D6F7AA4994}.Debug|x86.Build.0 = Debug|Win32
		{5597EE8B-AAAB-4353-A1AC-84D6F7AA4994}.Release|x64.ActiveCfg = Release|x64
		{5597EE8B-AAAB-4353-A1AC-84D6F7AA4994}.Release|x64.Build.0 = Release|x64
		{5597EE8B-AAAB-4353-A1AC-84D6F7AA4994}.Release|x86.ActiveCfg = Release|Win32
		{5597EE8B-AAAB-4353-A1AC-84D6F7AA4994}.Release|x86.Build.0 = Release|Win32
	EndGlobalSection
	GlobalSection(SolutionProperties) = preSolution
		HideSolutionNode = FALSE
	EndGlobalSection
	GlobalSection(ExtensibilityGlobals) = postSolution
		SolutionGuid = {87F54F53-2A54-4848-A4E0-F21C61C2C91D}
	EndGlobalSection
EndGlobal
