
Microsoft Visual Studio Solution File, Format Version 12.00
# Visual Studio Version 17
VisualStudioVersion = 17.8.34525.116
MinimumVisualStudioVersion = 10.0.40219.1
Project("{8BC9CEB8-8B4A-11D0-8D11-00A0C91BC942}") = "Lec04_Array", "Lec04_Array\Lec04_Array.vcxproj", "{70C90292-9FE2-4BC2-9121-512159A39342}"
EndProject
Global
	GlobalSection(SolutionConfigurationPlatforms) = preSolution
		Debug|x64 = Debug|x64
		Debug|x86 = Debug|x86
		Release|x64 = Release|x64
		Release|x86 = Release|x86
	EndGlobalSection
	GlobalSection(ProjectConfigurationPlatforms) = postSolution
		{70C90292-9FE2-4BC2-9121-512159A39342}.Debug|x64.ActiveCfg = Debug|x64
		{70C90292-9FE2-4BC2-9121-512159A39342}.Debug|x64.Build.0 = Debug|x64
		{70C90292-9FE2-4BC2-9121-512159A39342}.Debug|x86.ActiveCfg = Debug|Win32
		{70C90292-9FE2-4BC2-9121-512159A39342}.Debug|x86.Build.0 = Debug|Win32
		{70C90292-9FE2-4BC2-9121-512159A39342}.Release|x64.ActiveCfg = Release|x64
		{70C90292-9FE2-4BC2-9121-512159A39342}.Release|x64.Build.0 = Release|x64
		{70C90292-9FE2-4BC2-9121-512159A39342}.Release|x86.ActiveCfg = Release|Win32
		{70C90292-9FE2-4BC2-9121-512159A39342}.Release|x86.Build.0 = Release|Win32
	EndGlobalSection
	GlobalSection(SolutionProperties) = preSolution
		HideSolutionNode = FALSE
	EndGlobalSection
	GlobalSection(ExtensibilityGlobals) = postSolution
		SolutionGuid = {D97D6735-C6D5-4DE8-8CFE-9F68D55D93F6}
	EndGlobalSection
EndGlobal
