
Microsoft Visual Studio Solution File, Format Version 12.00
# Visual Studio Version 17
VisualStudioVersion = 17.5.33516.290
MinimumVisualStudioVersion = 10.0.40219.1
Project("{888888A0-9F3D-457C-B088-3A5042F75D52}") = "P3", "P3\P3.pyproj", "{097B1789-E6C0-41AF-8601-CE5825854B19}"
EndProject
Global
	GlobalSection(SolutionConfigurationPlatforms) = preSolution
		Debug|Any CPU = Debug|Any CPU
		Release|Any CPU = Release|Any CPU
	EndGlobalSection
	GlobalSection(ProjectConfigurationPlatforms) = postSolution
		{097B1789-E6C0-41AF-8601-CE5825854B19}.Debug|Any CPU.ActiveCfg = Debug|Any CPU
		{097B1789-E6C0-41AF-8601-CE5825854B19}.Release|Any CPU.ActiveCfg = Release|Any CPU
	EndGlobalSection
	GlobalSection(SolutionProperties) = preSolution
		HideSolutionNode = FALSE
	EndGlobalSection
	GlobalSection(ExtensibilityGlobals) = postSolution
		SolutionGuid = {A9D157CB-D7ED-4FF3-9935-71A46F7AB678}
	EndGlobalSection
EndGlobal
