
Microsoft Visual Studio Solution File, Format Version 12.00
# Visual Studio Version 17
VisualStudioVersion = 17.5.33516.290
MinimumVisualStudioVersion = 10.0.40219.1
Project("{888888A0-9F3D-457C-B088-3A5042F75D52}") = "p1", "p1\p1.pyproj", "{535F8EF6-EC42-4714-B2C4-6F442F79D685}"
EndProject
Global
	GlobalSection(SolutionConfigurationPlatforms) = preSolution
		Debug|Any CPU = Debug|Any CPU
		Release|Any CPU = Release|Any CPU
	EndGlobalSection
	GlobalSection(ProjectConfigurationPlatforms) = postSolution
		{535F8EF6-EC42-4714-B2C4-6F442F79D685}.Debug|Any CPU.ActiveCfg = Debug|Any CPU
		{535F8EF6-EC42-4714-B2C4-6F442F79D685}.Release|Any CPU.ActiveCfg = Release|Any CPU
	EndGlobalSection
	GlobalSection(SolutionProperties) = preSolution
		HideSolutionNode = FALSE
	EndGlobalSection
	GlobalSection(ExtensibilityGlobals) = postSolution
		SolutionGuid = {DE750655-C9CD-4D24-B6D8-A165FE0582C9}
	EndGlobalSection
EndGlobal
